
Microsoft Visual Studio Solution File, Format Version 12.00
# Visual Studio Version 17
VisualStudioVersion = 17.11.35222.181
MinimumVisualStudioVersion = 10.0.40219.1
Project("{FAE04EC0-301F-11D3-BF4B-00C04F79EFBC}") = "sistemaGestionClientes", "sistemaGestionClientes\sistemaGestionClientes.csproj", "{35FEEEA2-FA3E-488D-916C-12BCD23A9A08}"
EndProject
Global
	GlobalSection(SolutionConfigurationPlatforms) = preSolution
		Debug|Any CPU = Debug|Any CPU
		Release|Any CPU = Release|Any CPU
	EndGlobalSection
	GlobalSection(ProjectConfigurationPlatforms) = postSolution
		{35FEEEA2-FA3E-488D-916C-12BCD23A9A08}.Debug|Any CPU.ActiveCfg = Debug|Any CPU
		{35FEEEA2-FA3E-488D-916C-12BCD23A9A08}.Debug|Any CPU.Build.0 = Debug|Any CPU
		{35FEEEA2-FA3E-488D-916C-12BCD23A9A08}.Release|Any CPU.ActiveCfg = Release|Any CPU
		{35FEEEA2-FA3E-488D-916C-12BCD23A9A08}.Release|Any CPU.Build.0 = Release|Any CPU
	EndGlobalSection
	GlobalSection(SolutionProperties) = preSolution
		HideSolutionNode = FALSE
	EndGlobalSection
	GlobalSection(ExtensibilityGlobals) = postSolution
		SolutionGuid = {879F6EFF-C6CA-4F95-82A6-0149BAFE4776}
	EndGlobalSection
EndGlobal
